// !$*UTF8*$!
{
	archiveVersion = 1;
	classes = {
	};
	objectVersion = 48;
	objects = {

/* Begin PBXBuildFile section */
		27018E602051C38A004838F7 /* AppDelegate.swift in Sources */ = {isa = PBXBuildFile; fileRef = 27018E5F2051C38A004838F7 /* AppDelegate.swift */; };
		27018E622051C38A004838F7 /* ViewController.swift in Sources */ = {isa = PBXBuildFile; fileRef = 27018E612051C38A004838F7 /* ViewController.swift */; };
		27018E652051C38A004838F7 /* Main.storyboard in Resources */ = {isa = PBXBuildFile; fileRef = 27018E632051C38A004838F7 /* Main.storyboard */; };
		27018E682051C38A004838F7 /* Gussing_Game_app.xcdatamodeld in Sources */ = {isa = PBXBuildFile; fileRef = 27018E662051C38A004838F7 /* Gussing_Game_app.xcdatamodeld */; };
		27018E6A2051C38A004838F7 /* Assets.xcassets in Resources */ = {isa = PBXBuildFile; fileRef = 27018E692051C38A004838F7 /* Assets.xcassets */; };
		27018E6D2051C38A004838F7 /* LaunchScreen.storyboard in Resources */ = {isa = PBXBuildFile; fileRef = 27018E6B2051C38A004838F7 /* LaunchScreen.storyboard */; };
/* End PBXBuildFile section */

/* Begin PBXFileReference section */
		27018E5C2051C38A004838F7 /* Gussing Game app.app */ = {isa = PBXFileReference; explicitFileType = wrapper.application; includeInIndex = 0; path = "Gussing Game app.app"; sourceTree = BUILT_PRODUCTS_DIR; };
		27018E5F2051C38A004838F7 /* AppDelegate.swift */ = {isa = PBXFileReference; lastKnownFileType = sourcecode.swift; path = AppDelegate.swift; sourceTree = "<group>"; };
		27018E612051C38A004838F7 /* ViewController.swift */ = {isa = PBXFileReference; lastKnownFileType = sourcecode.swift; path = ViewController.swift; sourceTree = "<group>"; };
		27018E642051C38A004838F7 /* Base */ = {isa = PBXFileReference; lastKnownFileType = file.storyboard; name = Base; path = Base.lproj/Main.storyboard; sourceTree = "<group>"; };
		27018E672051C38A004838F7 /* Gussing_Game_app.xcdatamodel */ = {isa = PBXFileReference; lastKnownFileType = wrapper.xcdatamodel; path = Gussing_Game_app.xcdatamodel; sourceTree = "<group>"; };
		27018E692051C38A004838F7 /* Assets.xcassets */ = {isa = PBXFileReference; lastKnownFileType = folder.assetcatalog; path = Assets.xcassets; sourceTree = "<group>"; };
		27018E6C2051C38A004838F7 /* Base */ = {isa = PBXFileReference; lastKnownFileType = file.storyboard; name = Base; path = Base.lproj/LaunchScreen.storyboard; sourceTree = "<group>"; };
		27018E6E2051C38A004838F7 /* Info.plist */ = {isa = PBXFileReference; lastKnownFileType = text.plist.xml; path = Info.plist; sourceTree = "<group>"; };
/* End PBXFileReference section */

/* Begin PBXFrameworksBuildPhase section */
		27018E592051C38A004838F7 /* Frameworks */ = {
			isa = PBXFrameworksBuildPhase;
			buildActionMask = 2147483647;
			files = (
			);
			runOnlyForDeploymentPostprocessing = 0;
		};
/* End PBXFrameworksBuildPhase section */

/* Begin PBXGroup section */
		27018E532051C38A004838F7 = {
			isa = PBXGroup;
			children = (
				27018E5E2051C38A004838F7 /* Gussing Game app */,
				27018E5D2051C38A004838F7 /* Products */,
			);
			sourceTree = "<group>";
		};
		27018E5D2051C38A004838F7 /* Products */ = {
			isa = PBXGroup;
			children = (
				27018E5C2051C38A004838F7 /* Gussing Game app.app */,
			);
			name = Products;
			sourceTree = "<group>";
		};
		27018E5E2051C38A004838F7 /* Gussing Game app */ = {
			isa = PBXGroup;
			children = (
				27018E5F2051C38A004838F7 /* AppDelegate.swift */,
				27018E612051C38A004838F7 /* ViewController.swift */,
				27018E632051C38A004838F7 /* Main.storyboard */,
				27018E692051C38A004838F7 /* Assets.xcassets */,
				27018E6B2051C38A004838F7 /* LaunchScreen.storyboard */,
				27018E6E2051C38A004838F7 /* Info.plist */,
				27018E662051C38A004838F7 /* Gussing_Game_app.xcdatamodeld */,
			);
			path = "Gussing Game app";
			sourceTree = "<group>";
		};
/* End PBXGroup section */

/* Begin PBXNativeTarget section */
		27018E5B2051C38A004838F7 /* Gussing Game app */ = {
			isa = PBXNativeTarget;
			buildConfigurationList = 27018E712051C38A004838F7 /* Build configuration list for PBXNativeTarget "Gussing Game app" */;
			buildPhases = (
				27018E582051C38A004838F7 /* Sources */,
				27018E592051C38A004838F7 /* Frameworks */,
				27018E5A2051C38A004838F7 /* Resources */,
			);
			buildRules = (
			);
			dependencies = (
			);
			name = "Gussing Game app";
			productName = "Gussing Game app";
			productReference = 27018E5C2051C38A004838F7 /* Gussing Game app.app */;
			productType = "com.apple.product-type.application";
		};
/* End PBXNativeTarget section */

/* Begin PBXProject section */
		27018E542051C38A004838F7 /* Project object */ = {
			isa = PBXProject;
			attributes = {
				LastSwiftUpdateCheck = 0920;
				LastUpgradeCheck = 0920;
				ORGANIZATIONNAME = "Bersabeh Asefa";
				TargetAttributes = {
					27018E5B2051C38A004838F7 = {
						CreatedOnToolsVersion = 9.2;
						ProvisioningStyle = Automatic;
					};
				};
			};
			buildConfigurationList = 27018E572051C38A004838F7 /* Build configuration list for PBXProject "Gussing Game app" */;
			compatibilityVersion = "Xcode 8.0";
			developmentRegion = en;
			hasScannedForEncodings = 0;
			knownRegions = (
				en,
				Base,
			);
			mainGroup = 27018E532051C38A004838F7;
			productRefGroup = 27018E5D2051C38A004838F7 /* Products */;
			projectDirPath = "";
			projectRoot = "";
			targets = (
				27018E5B2051C38A004838F7 /* Gussing Game app */,
			);
		};
/* End PBXProject section */

/* Begin PBXResourcesBuildPhase section */
		27018E5A2051C38A004838F7 /* Resources */ = {
			isa = PBXResourcesBuildPhase;
			buildActionMask = 2147483647;
			files = (
				27018E6D2051C38A004838F7 /* LaunchScreen.storyboard in Resources */,
				27018E6A2051C38A004838F7 /* Assets.xcassets in Resources */,
				27018E652051C38A004838F7 /* Main.storyboard in Resources */,
			);
			runOnlyForDeploymentPostprocessing = 0;
		};
/* End PBXResourcesBuildPhase section */

/* Begin PBXSourcesBuildPhase section */
		27018E582051C38A004838F7 /* Sources */ = {
			isa = PBXSourcesBuildPhase;
			buildActionMask = 2147483647;
			files = (
				27018E682051C38A004838F7 /* Gussing_Game_app.xcdatamodeld in Sources */,
				27018E622051C38A004838F7 /* ViewController.swift in Sources */,
				27018E602051C38A004838F7 /* AppDelegate.swift in Sources */,
			);
			runOnlyForDeploymentPostprocessing = 0;
		};
/* End PBXSourcesBuildPhase section */

/* Begin PBXVariantGroup section */
		27018E632051C38A004838F7 /* Main.storyboard */ = {
			isa = PBXVariantGroup;
			children = (
				27018E642051C38A004838F7 /* Base */,
			);
			name = Main.storyboard;
			sourceTree = "<group>";
		};
		27018E6B2051C38A004838F7 /* LaunchScreen.storyboard */ = {
			isa = PBXVariantGroup;
			children = (
				27018E6C2051C38A004838F7 /* Base */,
			);
			name = LaunchScreen.storyboard;
			sourceTree = "<group>";
		};
/* End PBXVariantGroup section */

/* Begin XCBuildConfiguration section */
		27018E6F2051C38A004838F7 /* Debug */ = {
			isa = XCBuildConfiguration;
			buildSettings = {
				ALWAYS_SEARCH_USER_PATHS = NO;
				CLANG_ANALYZER_NONNULL = YES;
				CLANG_ANALYZER_NUMBER_OBJECT_CONVERSION = YES_AGGRESSIVE;
				CLANG_CXX_LANGUAGE_STANDARD = "gnu++14";
				CLANG_CXX_LIBRARY = "libc++";
				CLANG_ENABLE_MODULES = YES;
				CLANG_ENABLE_OBJC_ARC = YES;
				CLANG_WARN_BLOCK_CAPTURE_AUTORELEASING = YES;
				CLANG_WARN_BOOL_CONVERSION = YES;
				CLANG_WARN_COMMA = YES;
				CLANG_WARN_CONSTANT_CONVERSION = YES;
				CLANG_WARN_DIRECT_OBJC_ISA_USAGE = YES_ERROR;
				CLANG_WARN_DOCUMENTATION_COMMENTS = YES;
				CLANG_WARN_EMPTY_BODY = YES;
				CLANG_WARN_ENUM_CONVERSION = YES;
				CLANG_WARN_INFINITE_RECURSION = YES;
				CLANG_WARN_INT_CONVERSION = YES;
				CLANG_WARN_NON_LITERAL_NULL_CONVERSION = YES;
				CLANG_WARN_OBJC_LITERAL_CONVERSION = YES;
				CLANG_WARN_OBJC_ROOT_CLASS = YES_ERROR;
				CLANG_WARN_RANGE_LOOP_ANALYSIS = YES;
				CLANG_WARN_STRICT_PROTOTYPES = YES;
				CLANG_WARN_SUSPICIOUS_MOVE = YES;
				CLANG_WARN_UNGUARDED_AVAILABILITY = YES_AGGRESSIVE;
				CLANG_WARN_UNREACHABLE_CODE = YES;
				CLANG_WARN__DUPLICATE_METHOD_MATCH = YES;
				CODE_SIGN_IDENTITY = "iPhone Developer";
				COPY_PHASE_STRIP = NO;
				DEBUG_INFORMATION_FORMAT = dwarf;
				ENABLE_STRICT_OBJC_MSGSEND = YES;
				ENABLE_TESTABILITY = YES;
				GCC_C_LANGUAGE_STANDARD = gnu11;
				GCC_DYNAMIC_NO_PIC = NO;
				GCC_NO_COMMON_BLOCKS = YES;
				GCC_OPTIMIZATION_LEVEL = 0;
				GCC_PREPROCESSOR_DEFINITIONS = (
					"DEBUG=1",
					"$(inherited)",
				);
				GCC_WARN_64_TO_32_BIT_CONVERSION = YES;
				GCC_WARN_ABOUT_RETURN_TYPE = YES_ERROR;
				GCC_WARN_UNDECLARED_SELECTOR = YES;
				GCC_WARN_UNINITIALIZED_AUTOS = YES_AGGRESSIVE;
				GCC_WARN_UNUSED_FUNCTION = YES;
				GCC_WARN_UNUSED_VARIABLE = YES;
				IPHONEOS_DEPLOYMENT_TARGET = 11.2;
				MTL_ENABLE_DEBUG_INFO = YES;
				ONLY_ACTIVE_ARCH = YES;
				SDKROOT = iphoneos;
				SWIFT_ACTIVE_COMPILATION_CONDITIONS = DEBUG;
				SWIFT_OPTIMIZATION_LEVEL = "-Onone";
			};
			name = Debug;
		};
		27018E702051C38A004838F7 /* Release */ = {
			isa = XCBuildConfiguration;
			buildSettings = {
				ALWAYS_SEARCH_USER_PATHS = NO;
				CLANG_ANALYZER_NONNULL = YES;
				CLANG_ANALYZER_NUMBER_OBJECT_CONVERSION = YES_AGGRESSIVE;
				CLANG_CXX_LANGUAGE_STANDARD = "gnu++14";
				CLANG_CXX_LIBRARY = "libc++";
				CLANG_ENABLE_MODULES = YES;
				CLANG_ENABLE_OBJC_ARC = YES;
				CLANG_WARN_BLOCK_CAPTURE_AUTORELEASING = YES;
				CLANG_WARN_BOOL_CONVERSION = YES;
				CLANG_WARN_COMMA = YES;
				CLANG_WARN_CONSTANT_CONVERSION = YES;
				CLANG_WARN_DIRECT_OBJC_ISA_USAGE = YES_ERROR;
				CLANG_WARN_DOCUMENTATION_COMMENTS = YES;
				CLANG_WARN_EMPTY_BODY = YES;
				CLANG_WARN_ENUM_CONVERSION = YES;
				CLANG_WARN_INFINITE_RECURSION = YES;
				CLANG_WARN_INT_CONVERSION = YES;
				CLANG_WARN_NON_LITERAL_NULL_CONVERSION = YES;
				CLANG_WARN_OBJC_LITERAL_CONVERSION = YES;
				CLANG_WARN_OBJC_ROOT_CLASS = YES_ERROR;
				CLANG_WARN_RANGE_LOOP_ANALYSIS = YES;
				CLANG_WARN_STRICT_PROTOTYPES = YES;
				CLANG_WARN_SUSPICIOUS_MOVE = YES;
				CLANG_WARN_UNGUARDED_AVAILABILITY = YES_AGGRESSIVE;
				CLANG_WARN_UNREACHABLE_CODE = YES;
				CLANG_WARN__DUPLICATE_METHOD_MATCH = YES;
				CODE_SIGN_IDENTITY = "iPhone Developer";
				COPY_PHASE_STRIP = NO;
				DEBUG_INFORMATION_FORMAT = "dwarf-with-dsym";
				ENABLE_NS_ASSERTIONS = NO;
				ENABLE_STRICT_OBJC_MSGSEND = YES;
				GCC_C_LANGUAGE_STANDARD = gnu11;
				GCC_NO_COMMON_BLOCKS = YES;
				GCC_WARN_64_TO_32_BIT_CONVERSION = YES;
				GCC_WARN_ABOUT_RETURN_TYPE = YES_ERROR;
				GCC_WARN_UNDECLARED_SELECTOR = YES;
				GCC_WARN_UNINITIALIZED_AUTOS = YES_AGGRESSIVE;
				GCC_WARN_UNUSED_FUNCTION = YES;
				GCC_WARN_UNUSED_VARIABLE = YES;
				IPHONEOS_DEPLOYMENT_TARGET = 11.2;
				MTL_ENABLE_DEBUG_INFO = NO;
				SDKROOT = iphoneos;
				SWIFT_OPTIMIZATION_LEVEL = "-Owholemodule";
				VALIDATE_PRODUCT = YES;
			};
			name = Release;
		};
		27018E722051C38A004838F7 /* Debug */ = {
			isa = XCBuildConfiguration;
			buildSettings = {
				ASSETCATALOG_COMPILER_APPICON_NAME = AppIcon;
				CODE_SIGN_STYLE = Automatic;
				INFOPLIST_FILE = "Gussing Game app/Info.plist";
				LD_RUNPATH_SEARCH_PATHS = "$(inherited) @executable_path/Frameworks";
				PRODUCT_BUNDLE_IDENTIFIER = "bersabeh.Gussing-Game-app";
				PRODUCT_NAME = "$(TARGET_NAME)";
				SWIFT_VERSION = 4.0;
				TARGETED_DEVICE_FAMILY = "1,2";
			};
			name = Debug;
		};
		27018E732051C38A004838F7 /* Release */ = {
			isa = XCBuildConfiguration;
			buildSettings = {
				ASSETCATALOG_COMPILER_APPICON_NAME = AppIcon;
				CODE_SIGN_STYLE = Automatic;
				INFOPLIST_FILE = "Gussing Game app/Info.plist";
				LD_RUNPATH_SEARCH_PATHS = "$(inherited) @executable_path/Frameworks";
				PRODUCT_BUNDLE_IDENTIFIER = "bersabeh.Gussing-Game-app";
				PRODUCT_NAME = "$(TARGET_NAME)";
				SWIFT_VERSION = 4.0;
				TARGETED_DEVICE_FAMILY = "1,2";
			};
			name = Release;
		};
/* End XCBuildConfiguration section */

/* Begin XCConfigurationList section */
		27018E572051C38A004838F7 /* Build configuration list for PBXProject "Gussing Game app" */ = {
			isa = XCConfigurationList;
			buildConfigurations = (
				27018E6F2051C38A004838F7 /* Debug */,
				27018E702051C38A004838F7 /* Release */,
			);
			defaultConfigurationIsVisible = 0;
			defaultConfigurationName = Release;
		};
		27018E712051C38A004838F7 /* Build configuration list for PBXNativeTarget "Gussing Game app" */ = {
			isa = XCConfigurationList;
			buildConfigurations = (
				27018E722051C38A004838F7 /* Debug */,
				27018E732051C38A004838F7 /* Release */,
			);
			defaultConfigurationIsVisible = 0;
			defaultConfigurationName = Release;
		};
/* End XCConfigurationList section */

/* Begin XCVersionGroup section */
		27018E662051C38A004838F7 /* Gussing_Game_app.xcdatamodeld */ = {
			isa = XCVersionGroup;
			children = (
				27018E672051C38A004838F7 /* Gussing_Game_app.xcdatamodel */,
			);
			currentVersion = 27018E672051C38A004838F7 /* Gussing_Game_app.xcdatamodel */;
			path = Gussing_Game_app.xcdatamodeld;
			sourceTree = "<group>";
			versionGroupType = wrapper.xcdatamodel;
		};
/* End XCVersionGroup section */
	};
	rootObject = 27018E542051C38A004838F7 /* Project object */;
}
